
Microsoft Visual Studio Solution File, Format Version 12.00
# Visual Studio Version 16
VisualStudioVersion = 16.0.30413.136
MinimumVisualStudioVersion = 10.0.40219.1
Project("{FAE04EC0-301F-11D3-BF4B-00C04F79EFBC}") = "Lab7-cart", "Lab7-cart\Lab7-cart.csproj", "{AD1B29C2-DBD9-4F13-A7CF-07FE474C9D89}"
EndProject
Project("{FAE04EC0-301F-11D3-BF4B-00C04F79EFBC}") = "AdminLTE1", "AdminLTE1\AdminLTE1.csproj", "{491DE2CF-6043-4181-8CCD-83B137EDA8BC}"
EndProject
Global
	GlobalSection(SolutionConfigurationPlatforms) = preSolution
		Debug|Any CPU = Debug|Any CPU
		Release|Any CPU = Release|Any CPU
	EndGlobalSection
	GlobalSection(ProjectConfigurationPlatforms) = postSolution
		{AD1B29C2-DBD9-4F13-A7CF-07FE474C9D89}.Debug|Any CPU.ActiveCfg = Debug|Any CPU
		{AD1B29C2-DBD9-4F13-A7CF-07FE474C9D89}.Debug|Any CPU.Build.0 = Debug|Any CPU
		{AD1B29C2-DBD9-4F13-A7CF-07FE474C9D89}.Release|Any CPU.ActiveCfg = Release|Any CPU
		{AD1B29C2-DBD9-4F13-A7CF-07FE474C9D89}.Release|Any CPU.Build.0 = Release|Any CPU
		{491DE2CF-6043-4181-8CCD-83B137EDA8BC}.Debug|Any CPU.ActiveCfg = Debug|Any CPU
		{491DE2CF-6043-4181-8CCD-83B137EDA8BC}.Debug|Any CPU.Build.0 = Debug|Any CPU
		{491DE2CF-6043-4181-8CCD-83B137EDA8BC}.Release|Any CPU.ActiveCfg = Release|Any CPU
		{491DE2CF-6043-4181-8CCD-83B137EDA8BC}.Release|Any CPU.Build.0 = Release|Any CPU
	EndGlobalSection
	GlobalSection(SolutionProperties) = preSolution
		HideSolutionNode = FALSE
	EndGlobalSection
	GlobalSection(ExtensibilityGlobals) = postSolution
		SolutionGuid = {EEC03D7E-25A2-4B17-8580-6C02112118B7}
	EndGlobalSection
EndGlobal
